github.com/AnatoleLucet/go-opentui v0.0.0-20260124130901-d983e8d33f6c h1:we9bgbBaUHCMSK56/kk4Sg3tja5l0DFBkiPzub317ps=
github.com/AnatoleLucet/go-opentui v0.0.0-20260124130901-d983e8d33f6c/go.mod h1:JxO6qbrbNsTT3nPTPrnhhQEA1fKnEA8tNCaujsoHyPI=
github.com/AnatoleLucet/go-opentui v0.0.0-20260125104354-0534a58b4760 h1:i7jR73X88WgDEY27MttBNkkoT/VvrIxCNOucvmNT2m8=
github.com/AnatoleLucet/go-opentui v0.0.0-20260125104354-0534a58b4760/go.mod h1:JxO6qbrbNsTT3nPTPrnhhQEA1fKnEA8tNCaujsoHyPI=
github.com/AnatoleLucet/go-opentui v0.0.0-20260209134342-7a88a7c05506 h1:Z0kORynxXfvLY3bbJiwe2HOgnRx+fc8v5msmgzA7NrU=
github.com/AnatoleLucet/go-opentui v0.0.0-20260209134342-7a88a7c05506/go.mod h1:JxO6qbrbNsTT3nPTPrnhhQEA1fKnEA8tNCaujsoHyPI=
github.com/AnatoleLucet/tess v0.0.0-20251124114737-2c8f7957c103 h1:zYy0+0H4TcLGvGRSmlpQws3gW7mnx8wlFmVUNyqYUOY=
github.com/AnatoleLucet/tess v0.0.0-20251124114737-2c8f7957c103/go.mod h1:HqZNGWSj4mPsukwZHs8RMyC2wpgOQ+ZAtr1B8IYxwUg=
github.com/AnatoleLucet/tess v0.0.0-20260119143610-037c902ed063 h1:9NakSWbOVI3tPgpPpQIqtkTGJT8KRMMxPkWm4osbvZM=
github.com/AnatoleLucet/tess v0.0.0-20260119143610-037c902ed063/go.mod h1:HqZNGWSj4mPsukwZHs8RMyC2wpgOQ+ZAtr1B8IYxwUg=
github.com/AnatoleLucet/tess v0.0.0-20260120194541-af113be59583 h1:dCsyW2KVz6WlKkqlKFoF33UURx3hXl8pLV6uzXGoB48=
github.com/AnatoleLucet/tess v0.0.0-20260120194541-af113be59583/go.mod h1:HqZNGWSj4mPsukwZHs8RMyC2wpgOQ+ZAtr1B8IYxwUg=
github.com/AnatoleLucet/tess v0.0.0-20260121094155-e2ae36aa27cf h1:1ic7wvP18HKU3YvLGy7amvtKpvGNRf0etoH2OdSJPRY=
github.com/AnatoleLucet/tess v0.0.0-20260121094155-e2ae36aa27cf/go.mod h1:HqZNGWSj4mPsukwZHs8RMyC2wpgOQ+ZAtr1B8IYxwUg=
github.com/AnatoleLucet/tess v0.0.0-20260121124043-2675beaf45a7 h1:DDgEBXe2cix36fa3xres70EQo4aP/GjnYyH7o0TPDLw=
github.com/AnatoleLucet/tess v0.0.0-20260121124043-2675beaf45a7/go.mod h1:HqZNGWSj4mPsukwZHs8RMyC2wpgOQ+ZAtr1B8IYxwUg=
github.com/AnatoleLucet/tess v0.0.0-20260122172410-2d4a5b11e54c h1:dTMd0dSS2Ou6XISNIWsmBo8IMz5k4Us7aXOaF5CZsjs=
github.com/AnatoleLucet/tess v0.0.0-20260122172410-2d4a5b11e54c/go.mod h1:HqZNGWSj4mPsukwZHs8RMyC2wpgOQ+ZAtr1B8IYxwUg=
github.com/AnatoleLucet/tess v0.0.0-20260122173928-6563e2835de5 h1:Mk9I4+APZWzSL8lSns3y1mbaZkkinbkIpCi0BAFm1oY=
github.com/AnatoleLucet/tess v0.0.0-20260122173928-6563e2835de5/go.mod h1:HqZNGWSj4mPsukwZHs8RMyC2wpgOQ+ZAtr1B8IYxwUg=
github.com/AnatoleLucet/tess v0.0.0-20260124171225-f3aead027a3d h1:qqYlbSempafWIOSgYTfWDFhonHzcGUqdH6Bo3nzIrEI=
github.com/AnatoleLucet/tess v0.0.0-20260124171225-f3aead027a3d/go.mod h1:HqZNGWSj4mPsukwZHs8RMyC2wpgOQ+ZAtr1B8IYxwUg=
github.com/AnatoleLucet/tess v0.0.0-20260125173952-b98cc75823d1 h1:e3C6NL36UgQBxFJrQCj6D/7IZGLuwxpJMzG6aqiMJ+A=
github.com/AnatoleLucet/tess v0.0.0-20260125173952-b98cc75823d1/go.mod h1:HqZNGWSj4mPsukwZHs8RMyC2wpgOQ+ZAtr1B8IYxwUg=
github.com/AnatoleLucet/tess v0.0.0-20260127122718-a78a630adc44 h1:Dn396BIc/eb/CtC6hEdANMznq82fK2CUPJj6hy4bOZU=
github.com/AnatoleLucet/tess v0.0.0-20260127122718-a78a630adc44/go.mod h1:HqZNGWSj4mPsukwZHs8RMyC2wpgOQ+ZAtr1B8IYxwUg=
github.com/AnatoleLucet/tess v0.0.0-20260203151116-72dc74b8dcb6 h1:+en+1JvoOcZUnIlSr+7RQ6a8uodl2v8FBGhBXMiPXUg=
github.com/AnatoleLucet/tess v0.0.0-20260203151116-72dc74b8dcb6/go.mod h1:HqZNGWSj4mPsukwZHs8RMyC2wpgOQ+ZAtr1B8IYxwUg=
github.com/clipperhouse/uax29/v2 v2.2.0 h1:ChwIKnQN3kcZteTXMgb1wztSgaU+ZemkgWdohwgs8tY=
github.com/clipperhouse/uax29/v2 v2.2.0/go.mod h1:EFJ2TJMRUaplDxHKj1qAEhCtQPW2tJSwu5BF98AuoVM=
github.com/davecgh/go-spew v1.1.1 h1:vj9j/u1bqnvCEfJOwUhtlOARqs3+rkHYY13jYWTU97c=
github.com/davecgh/go-spew v1.1.1/go.mod h1:J7Y8YcW2NihsgmVo/mv3lAwl/skON4iLHjSsI+c5H38=
github.com/mattn/go-runewidth v0.0.19 h1:v++JhqYnZuu5jSKrk9RbgF5v4CGUjqRfBm05byFGLdw=
github.com/mattn/go-runewidth v0.0.19/go.mod h1:XBkDxAl56ILZc9knddidhrOlY5R/pDhgLpndooCuJAs=
github.com/pmezard/go-difflib v1.0.0 h1:4DBwDE0NGyQoBHbLQYPwSUPoCMWR5BEzIk/f1lZbAQM=
github.com/pmezard/go-difflib v1.0.0/go.mod h1:iKH77koFhYxTK1pcRnkKkqfTogsbg7gZNVY4sRDYZ/4=
github.com/stretchr/testify v1.11.1 h1:7s2iGBzp5EwR7/aIZr8ao5+dra3wiQyKjjFuvgVKu7U=
github.com/stretchr/testify v1.11.1/go.mod h1:wZwfW3scLgRK+23gO65QZefKpKQRnfz6sD981Nm4B6U=
golang.org/x/sys v0.39.0 h1:CvCKL8MeisomCi6qNZ+wbb0DN9E5AATixKsvNtMoMFk=
golang.org/x/sys v0.39.0/go.mod h1:OgkHotnGiDImocRcuBABYBEXf8A9a87e/uXjp9XT3ks=
golang.org/x/sys v0.40.0 h1:DBZZqJ2Rkml6QMQsZywtnjnnGvHza6BTfYFWY9kjEWQ=
golang.org/x/sys v0.40.0/go.mod h1:OgkHotnGiDImocRcuBABYBEXf8A9a87e/uXjp9XT3ks=
golang.org/x/term v0.38.0 h1:PQ5pkm/rLO6HnxFR7N2lJHOZX6Kez5Y1gDSJla6jo7Q=
golang.org/x/term v0.38.0/go.mod h1:bSEAKrOT1W+VSu9TSCMtoGEOUcKxOKgl3LE5QEF/xVg=
gopkg.in/yaml.v3 v3.0.1 h1:fxVm/GzAzEWqLHuvctI91KS9hhNmmWOoWu0XTYJS7CA=
gopkg.in/yaml.v3 v3.0.1/go.mod h1:K4uyk7z7BCEPqu6E+C64Yfv1cQ7kz7rIZviUmN+EgEM=
