github.com/AnatoleLucet/go-opentui v0.0.0-20260311123632-df4fe6a3fa47 h1:kAKU/9I4DdtnGG2R56yX2oJvTV4ha5RzSRG4yTYGjQM=
github.com/AnatoleLucet/go-opentui v0.0.0-20260311123632-df4fe6a3fa47/go.mod h1:JxO6qbrbNsTT3nPTPrnhhQEA1fKnEA8tNCaujsoHyPI=
github.com/AnatoleLucet/go-opentui v0.0.0-20260311124333-d904eb66f503 h1:6dpUhP49WcIjuQNbbVZa43nA57yFXbDdWlK8rd3m2ww=
github.com/AnatoleLucet/go-opentui v0.0.0-20260311124333-d904eb66f503/go.mod h1:JxO6qbrbNsTT3nPTPrnhhQEA1fKnEA8tNCaujsoHyPI=
github.com/AnatoleLucet/sig v0.0.0-20260308162001-17251018b48a h1:B/YZ1KcFTI7Z6t36euajviYqJSinUydX/qwgGBmoEyk=
github.com/AnatoleLucet/sig v0.0.0-20260308162001-17251018b48a/go.mod h1:R9eHfMPg6gNCgM185K2uPYM8xxQZE4HZq+jw3DoeHQU=
github.com/AnatoleLucet/tess v0.0.0-20260310111309-c8343f5a151d h1:thS9H0S7/Uo8dOOS/Cp4vdpciAaAJBWlmWnufbYgpeU=
github.com/AnatoleLucet/tess v0.0.0-20260310111309-c8343f5a151d/go.mod h1:HqZNGWSj4mPsukwZHs8RMyC2wpgOQ+ZAtr1B8IYxwUg=
github.com/AnatoleLucet/tess v1.0.0-rc.2 h1:KfDT7RJEaXFVeSz27pHgxBGv+GyU9FuaGfZONZhrNQ4=
github.com/AnatoleLucet/tess v1.0.0-rc.2/go.mod h1:HqZNGWSj4mPsukwZHs8RMyC2wpgOQ+ZAtr1B8IYxwUg=
github.com/davecgh/go-spew v1.1.1 h1:vj9j/u1bqnvCEfJOwUhtlOARqs3+rkHYY13jYWTU97c=
github.com/davecgh/go-spew v1.1.1/go.mod h1:J7Y8YcW2NihsgmVo/mv3lAwl/skON4iLHjSsI+c5H38=
github.com/loom-go/loom v0.0.0-20260309223821-57d50fb2517d h1:cWonkm0OLyrG0s5ExGrBOQGmF2fIeX0nE92Hdy2Zew4=
github.com/loom-go/loom v0.0.0-20260309223821-57d50fb2517d/go.mod h1:WXOgDJjBcfb/86Nu9eJTCSv49ln9yxvvtX3xpHHhaEA=
github.com/petermattis/goid v0.0.0-20251121121749-a11dd1a45f9a h1:VweslR2akb/ARhXfqSfRbj1vpWwYXf3eeAUyw/ndms0=
github.com/petermattis/goid v0.0.0-20251121121749-a11dd1a45f9a/go.mod h1:pxMtw7cyUw6B2bRH0ZBANSPg+AoSud1I1iyJHI69jH4=
github.com/pmezard/go-difflib v1.0.0 h1:4DBwDE0NGyQoBHbLQYPwSUPoCMWR5BEzIk/f1lZbAQM=
github.com/pmezard/go-difflib v1.0.0/go.mod h1:iKH77koFhYxTK1pcRnkKkqfTogsbg7gZNVY4sRDYZ/4=
github.com/stretchr/testify v1.11.1 h1:7s2iGBzp5EwR7/aIZr8ao5+dra3wiQyKjjFuvgVKu7U=
github.com/stretchr/testify v1.11.1/go.mod h1:wZwfW3scLgRK+23gO65QZefKpKQRnfz6sD981Nm4B6U=
golang.org/x/sys v0.40.0 h1:DBZZqJ2Rkml6QMQsZywtnjnnGvHza6BTfYFWY9kjEWQ=
golang.org/x/sys v0.40.0/go.mod h1:OgkHotnGiDImocRcuBABYBEXf8A9a87e/uXjp9XT3ks=
golang.org/x/term v0.38.0 h1:PQ5pkm/rLO6HnxFR7N2lJHOZX6Kez5Y1gDSJla6jo7Q=
golang.org/x/term v0.38.0/go.mod h1:bSEAKrOT1W+VSu9TSCMtoGEOUcKxOKgl3LE5QEF/xVg=
gopkg.in/check.v1 v0.0.0-20161208181325-20d25e280405 h1:yhCVgyC4o1eVCa2tZl7eS0r+SDo693bJlVdllGtEeKM=
gopkg.in/check.v1 v0.0.0-20161208181325-20d25e280405/go.mod h1:Co6ibVJAznAaIkqp8huTwlJQCZ016jof/cbN4VW5Yz0=
gopkg.in/yaml.v3 v3.0.1 h1:fxVm/GzAzEWqLHuvctI91KS9hhNmmWOoWu0XTYJS7CA=
gopkg.in/yaml.v3 v3.0.1/go.mod h1:K4uyk7z7BCEPqu6E+C64Yfv1cQ7kz7rIZviUmN+EgEM=
